Microsoft Visual Studio Solution File, Format Version 12.00
# Visual Studio 2013
VisualStudioVersion = 12.0.31101.0
MinimumVisualStudioVersion = 10.0.40219.1
Project("{2150E333-8FDC-42A3-9474-1A3956D46DE8}") = ".paket", ".paket", "{63297B98-5CED-492C-A5B7-A5B4F73CF142}"
	ProjectSection(SolutionItems) = preProject
		paket.dependencies = paket.dependencies
	EndProjectSection
EndProject
Project("{F2A71F9B-5D33-465A-A702-920D77279786}") = "FSharp.TypeProviders.SDK.Functional.Runtime", "src\FSharp.TypeProviders.SDK.Functional.Runtime\FSharp.TypeProviders.SDK.Functional.Runtime.fsproj", "{A96BA417-123A-4740-AE70-C49837F82FDF}"
EndProject
Project("{F2A71F9B-5D33-465A-A702-920D77279786}") = "FSharp.TypeProviders.SDK.Functional.DesignTime", "src\FSharp.TypeProviders.SDK.Functional.DesignTime\FSharp.TypeProviders.SDK.Functional.DesignTime.fsproj", "{99DE9363-D635-44B3-B053-B9BF416CF7C0}"
EndProject
Project("{2150E333-8FDC-42A3-9474-1A3956D46DE8}") = "tests", "tests", "{ED8079DD-2B06-4030-9F0F-DC548F98E1C4}"
EndProject
Project("{F2A71F9B-5D33-465A-A702-920D77279786}") = "FSharp.TypeProviders.SDK.Functional.Tests", "tests\FSharp.TypeProviders.SDK.Functional.Tests\FSharp.TypeProviders.SDK.Functional.Tests.fsproj", "{C7F932E6-46AF-47B6-9B1F-EDDFF8D159A9}"
EndProject
Global
	GlobalSection(SolutionConfigurationPlatforms) = preSolution
		Debug|Any CPU = Debug|Any CPU
		Release|Any CPU = Release|Any CPU
	EndGlobalSection
	GlobalSection(ProjectConfigurationPlatforms) = postSolution
		{A96BA417-123A-4740-AE70-C49837F82FDF}.Debug|Any CPU.ActiveCfg = Debug|Any CPU
		{A96BA417-123A-4740-AE70-C49837F82FDF}.Debug|Any CPU.Build.0 = Debug|Any CPU
		{A96BA417-123A-4740-AE70-C49837F82FDF}.Release|Any CPU.ActiveCfg = Release|Any CPU
		{A96BA417-123A-4740-AE70-C49837F82FDF}.Release|Any CPU.Build.0 = Release|Any CPU
		{99DE9363-D635-44B3-B053-B9BF416CF7C0}.Debug|Any CPU.ActiveCfg = Debug|Any CPU
		{99DE9363-D635-44B3-B053-B9BF416CF7C0}.Debug|Any CPU.Build.0 = Debug|Any CPU
		{99DE9363-D635-44B3-B053-B9BF416CF7C0}.Release|Any CPU.ActiveCfg = Release|Any CPU
		{99DE9363-D635-44B3-B053-B9BF416CF7C0}.Release|Any CPU.Build.0 = Release|Any CPU
		{C7F932E6-46AF-47B6-9B1F-EDDFF8D159A9}.Debug|Any CPU.ActiveCfg = Debug|Any CPU
		{C7F932E6-46AF-47B6-9B1F-EDDFF8D159A9}.Debug|Any CPU.Build.0 = Debug|Any CPU
		{C7F932E6-46AF-47B6-9B1F-EDDFF8D159A9}.Release|Any CPU.ActiveCfg = Release|Any CPU
		{C7F932E6-46AF-47B6-9B1F-EDDFF8D159A9}.Release|Any CPU.Build.0 = Release|Any CPU
	EndGlobalSection
	GlobalSection(SolutionProperties) = preSolution
		HideSolutionNode = FALSE
	EndGlobalSection
	GlobalSection(NestedProjects) = preSolution
		{C7F932E6-46AF-47B6-9B1F-EDDFF8D159A9} = {ED8079DD-2B06-4030-9F0F-DC548F98E1C4}
	EndGlobalSection
EndGlobal
